
Microsoft Visual Studio Solution File, Format Version 12.00
# Visual Studio Version 17
VisualStudioVersion = 17.10.35013.160
MinimumVisualStudioVersion = 10.0.40219.1
Project("{FAE04EC0-301F-11D3-BF4B-00C04F79EFBC}") = "Campeonato.Api", "Campeonato.Api\Campeonato.Api.csproj", "{3D87150A-96C2-43BB-94EA-7569B9BBAC70}"
EndProject
Project("{FAE04EC0-301F-11D3-BF4B-00C04F79EFBC}") = "Campeonato.Entities", "Campeonato.Entities\Campeonato.Entities.csproj", "{B3CC6A8C-8F08-44E7-94E9-7E3068AA6C3E}"
EndProject
Project("{FAE04EC0-301F-11D3-BF4B-00C04F79EFBC}") = "Campeotano.Repositories", "Campeotano.Repositories\Campeotano.Repositories.csproj", "{CC2942F1-44CE-4F0E-8158-032527AFFED0}"
EndProject
Global
	GlobalSection(SolutionConfigurationPlatforms) = preSolution
		Debug|Any CPU = Debug|Any CPU
		Release|Any CPU = Release|Any CPU
	EndGlobalSection
	GlobalSection(ProjectConfigurationPlatforms) = postSolution
		{3D87150A-96C2-43BB-94EA-7569B9BBAC70}.Debug|Any CPU.ActiveCfg = Debug|Any CPU
		{3D87150A-96C2-43BB-94EA-7569B9BBAC70}.Debug|Any CPU.Build.0 = Debug|Any CPU
		{3D87150A-96C2-43BB-94EA-7569B9BBAC70}.Release|Any CPU.ActiveCfg = Release|Any CPU
		{3D87150A-96C2-43BB-94EA-7569B9BBAC70}.Release|Any CPU.Build.0 = Release|Any CPU
		{B3CC6A8C-8F08-44E7-94E9-7E3068AA6C3E}.Debug|Any CPU.ActiveCfg = Debug|Any CPU
		{B3CC6A8C-8F08-44E7-94E9-7E3068AA6C3E}.Debug|Any CPU.Build.0 = Debug|Any CPU
		{B3CC6A8C-8F08-44E7-94E9-7E3068AA6C3E}.Release|Any CPU.ActiveCfg = Release|Any CPU
		{B3CC6A8C-8F08-44E7-94E9-7E3068AA6C3E}.Release|Any CPU.Build.0 = Release|Any CPU
		{CC2942F1-44CE-4F0E-8158-032527AFFED0}.Debug|Any CPU.ActiveCfg = Debug|Any CPU
		{CC2942F1-44CE-4F0E-8158-032527AFFED0}.Debug|Any CPU.Build.0 = Debug|Any CPU
		{CC2942F1-44CE-4F0E-8158-032527AFFED0}.Release|Any CPU.ActiveCfg = Release|Any CPU
		{CC2942F1-44CE-4F0E-8158-032527AFFED0}.Release|Any CPU.Build.0 = Release|Any CPU
	EndGlobalSection
	GlobalSection(SolutionProperties) = preSolution
		HideSolutionNode = FALSE
	EndGlobalSection
	GlobalSection(ExtensibilityGlobals) = postSolution
		SolutionGuid = {F7DB2E4B-39A5-475C-BF56-20A1ABF13E05}
	EndGlobalSection
EndGlobal
